
Microsoft Visual Studio Solution File, Format Version 12.00
# Visual Studio Version 16
VisualStudioVersion = 16.0.31005.135
MinimumVisualStudioVersion = 10.0.40219.1
Project("{FAE04EC0-301F-11D3-BF4B-00C04F79EFBC}") = "TweetAppAPI", "TweetAppAPI\TweetAppAPI.csproj", "{061FDCD9-270E-4C87-8F0A-4AF7077F22C0}"
EndProject
Global
	GlobalSection(SolutionConfigurationPlatforms) = preSolution
		Debug|Any CPU = Debug|Any CPU
		Release|Any CPU = Release|Any CPU
	EndGlobalSection
	GlobalSection(ProjectConfigurationPlatforms) = postSolution
		{061FDCD9-270E-4C87-8F0A-4AF7077F22C0}.Debug|Any CPU.ActiveCfg = Debug|Any CPU
		{061FDCD9-270E-4C87-8F0A-4AF7077F22C0}.Debug|Any CPU.Build.0 = Debug|Any CPU
		{061FDCD9-270E-4C87-8F0A-4AF7077F22C0}.Release|Any CPU.ActiveCfg = Release|Any CPU
		{061FDCD9-270E-4C87-8F0A-4AF7077F22C0}.Release|Any CPU.Build.0 = Release|Any CPU
	EndGlobalSection
	GlobalSection(SolutionProperties) = preSolution
		HideSolutionNode = FALSE
	EndGlobalSection
	GlobalSection(ExtensibilityGlobals) = postSolution
		SolutionGuid = {6F74F058-FCBE-4BC2-9F63-0FD0D566D8F7}
	EndGlobalSection
EndGlobal
